
Microsoft Visual Studio Solution File, Format Version 12.00
# Visual Studio Version 16
VisualStudioVersion = 16.0.28803.202
MinimumVisualStudioVersion = 10.0.40219.1
Project("{9A19103F-16F7-4668-BE54-9A1E7A4F7556}") = "ChinesePoetry.Database", "ChinesePoetry.Database\ChinesePoetry.Database.csproj", "{59CD76FF-020A-41A0-8581-60251A1D01F3}"
EndProject
Project("{9A19103F-16F7-4668-BE54-9A1E7A4F7556}") = "ChinesePoetry.Console", "ChinesePoetry.Console\ChinesePoetry.Console.csproj", "{10B4CB4F-2B46-4D69-B52A-6870CACCF16A}"
EndProject
Project("{FAE04EC0-301F-11D3-BF4B-00C04F79EFBC}") = "ChinesePoetry.Spider", "ChinesePoetry.Spider\ChinesePoetry.Spider.csproj", "{3696EC7B-FA98-4768-9B99-5A4515CCFC65}"
EndProject
Global
	GlobalSection(SolutionConfigurationPlatforms) = preSolution
		Debug|Any CPU = Debug|Any CPU
		Release|Any CPU = Release|Any CPU
	EndGlobalSection
	GlobalSection(ProjectConfigurationPlatforms) = postSolution
		{59CD76FF-020A-41A0-8581-60251A1D01F3}.Debug|Any CPU.ActiveCfg = Debug|Any CPU
		{59CD76FF-020A-41A0-8581-60251A1D01F3}.Debug|Any CPU.Build.0 = Debug|Any CPU
		{59CD76FF-020A-41A0-8581-60251A1D01F3}.Release|Any CPU.ActiveCfg = Release|Any CPU
		{59CD76FF-020A-41A0-8581-60251A1D01F3}.Release|Any CPU.Build.0 = Release|Any CPU
		{10B4CB4F-2B46-4D69-B52A-6870CACCF16A}.Debug|Any CPU.ActiveCfg = Debug|Any CPU
		{10B4CB4F-2B46-4D69-B52A-6870CACCF16A}.Debug|Any CPU.Build.0 = Debug|Any CPU
		{10B4CB4F-2B46-4D69-B52A-6870CACCF16A}.Release|Any CPU.ActiveCfg = Release|Any CPU
		{10B4CB4F-2B46-4D69-B52A-6870CACCF16A}.Release|Any CPU.Build.0 = Release|Any CPU
		{3696EC7B-FA98-4768-9B99-5A4515CCFC65}.Debug|Any CPU.ActiveCfg = Debug|Any CPU
		{3696EC7B-FA98-4768-9B99-5A4515CCFC65}.Debug|Any CPU.Build.0 = Debug|Any CPU
		{3696EC7B-FA98-4768-9B99-5A4515CCFC65}.Release|Any CPU.ActiveCfg = Release|Any CPU
		{3696EC7B-FA98-4768-9B99-5A4515CCFC65}.Release|Any CPU.Build.0 = Release|Any CPU
	EndGlobalSection
	GlobalSection(SolutionProperties) = preSolution
		HideSolutionNode = FALSE
	EndGlobalSection
	GlobalSection(ExtensibilityGlobals) = postSolution
		SolutionGuid = {29786FA9-BA63-4A1F-9192-DDE0F7FDDE50}
	EndGlobalSection
EndGlobal
